
Microsoft Visual Studio Solution File, Format Version 12.00
# Visual Studio Version 17
VisualStudioVersion = 17.5.33502.453
MinimumVisualStudioVersion = 10.0.40219.1
Project("{FAE04EC0-301F-11D3-BF4B-00C04F79EFBC}") = "Kopakabana", "Kopakabana\Kopakabana.csproj", "{2DCD0641-EC53-430B-BA92-079CCD4270D6}"
EndProject
Global
	GlobalSection(SolutionConfigurationPlatforms) = preSolution
		Debug|Any CPU = Debug|Any CPU
		Release|Any CPU = Release|Any CPU
	EndGlobalSection
	GlobalSection(ProjectConfigurationPlatforms) = postSolution
		{2DCD0641-EC53-430B-BA92-079CCD4270D6}.Debug|Any CPU.ActiveCfg = Debug|Any CPU
		{2DCD0641-EC53-430B-BA92-079CCD4270D6}.Debug|Any CPU.Build.0 = Debug|Any CPU
		{2DCD0641-EC53-430B-BA92-079CCD4270D6}.Release|Any CPU.ActiveCfg = Release|Any CPU
		{2DCD0641-EC53-430B-BA92-079CCD4270D6}.Release|Any CPU.Build.0 = Release|Any CPU
	EndGlobalSection
	GlobalSection(SolutionProperties) = preSolution
		HideSolutionNode = FALSE
	EndGlobalSection
	GlobalSection(ExtensibilityGlobals) = postSolution
		SolutionGuid = {B2EA31DD-AF9B-413B-81B0-EEFBC40CB0A6}
	EndGlobalSection
EndGlobal
